
Microsoft Visual Studio Solution File, Format Version 12.00
# Visual Studio Version 17
VisualStudioVersion = 17.11.35327.3
MinimumVisualStudioVersion = 10.0.40219.1
Project("{FAE04EC0-301F-11D3-BF4B-00C04F79EFBC}") = "HW1_Calculator", "HW1_Calculator\HW1_Calculator.csproj", "{3AF3BD46-D09E-411C-95FE-3DA5DCCA3204}"
EndProject
Global
	GlobalSection(SolutionConfigurationPlatforms) = preSolution
		Debug|Any CPU = Debug|Any CPU
		Release|Any CPU = Release|Any CPU
	EndGlobalSection
	GlobalSection(ProjectConfigurationPlatforms) = postSolution
		{3AF3BD46-D09E-411C-95FE-3DA5DCCA3204}.Debug|Any CPU.ActiveCfg = Debug|Any CPU
		{3AF3BD46-D09E-411C-95FE-3DA5DCCA3204}.Debug|Any CPU.Build.0 = Debug|Any CPU
		{3AF3BD46-D09E-411C-95FE-3DA5DCCA3204}.Release|Any CPU.ActiveCfg = Release|Any CPU
		{3AF3BD46-D09E-411C-95FE-3DA5DCCA3204}.Release|Any CPU.Build.0 = Release|Any CPU
	EndGlobalSection
	GlobalSection(SolutionProperties) = preSolution
		HideSolutionNode = FALSE
	EndGlobalSection
	GlobalSection(ExtensibilityGlobals) = postSolution
		SolutionGuid = {9658D660-21DA-4727-919F-5E0956519A9C}
	EndGlobalSection
EndGlobal
